
Microsoft Visual Studio Solution File, Format Version 12.00
# Visual Studio Version 17
VisualStudioVersion = 17.3.32901.215
MinimumVisualStudioVersion = 10.0.40219.1
Project("{888888A0-9F3D-457C-B088-3A5042F75D52}") = "Donohue-HealthCalculator.py", "Donohue-HealthCalculator.py\Donohue-HealthCalculator.py.pyproj", "{EC75E1CA-249A-42F8-B076-EE40CCB60005}"
EndProject
Global
	GlobalSection(SolutionConfigurationPlatforms) = preSolution
		Debug|Any CPU = Debug|Any CPU
		Release|Any CPU = Release|Any CPU
	EndGlobalSection
	GlobalSection(ProjectConfigurationPlatforms) = postSolution
		{EC75E1CA-249A-42F8-B076-EE40CCB60005}.Debug|Any CPU.ActiveCfg = Debug|Any CPU
		{EC75E1CA-249A-42F8-B076-EE40CCB60005}.Release|Any CPU.ActiveCfg = Release|Any CPU
	EndGlobalSection
	GlobalSection(SolutionProperties) = preSolution
		HideSolutionNode = FALSE
	EndGlobalSection
	GlobalSection(ExtensibilityGlobals) = postSolution
		SolutionGuid = {134DA254-1059-4CFA-A3E1-446152B5DDED}
	EndGlobalSection
EndGlobal
